
Microsoft Visual Studio Solution File, Format Version 12.00
# Visual Studio Version 16
VisualStudioVersion = 16.0.30503.244
MinimumVisualStudioVersion = 10.0.40219.1
Project("{FAE04EC0-301F-11D3-BF4B-00C04F79EFBC}") = "ToDoList", "ToDoList.csproj", "{BC169ED3-45DB-4B7D-BE97-9618B1209D91}"
EndProject
Global
	GlobalSection(SolutionConfigurationPlatforms) = preSolution
		Debug|Any CPU = Debug|Any CPU
		Release|Any CPU = Release|Any CPU
	EndGlobalSection
	GlobalSection(ProjectConfigurationPlatforms) = postSolution
		{BC169ED3-45DB-4B7D-BE97-9618B1209D91}.Debug|Any CPU.ActiveCfg = Debug|Any CPU
		{BC169ED3-45DB-4B7D-BE97-9618B1209D91}.Debug|Any CPU.Build.0 = Debug|Any CPU
		{BC169ED3-45DB-4B7D-BE97-9618B1209D91}.Release|Any CPU.ActiveCfg = Release|Any CPU
		{BC169ED3-45DB-4B7D-BE97-9618B1209D91}.Release|Any CPU.Build.0 = Release|Any CPU
	EndGlobalSection
	GlobalSection(SolutionProperties) = preSolution
		HideSolutionNode = FALSE
	EndGlobalSection
	GlobalSection(ExtensibilityGlobals) = postSolution
		SolutionGuid = {4AA1EC52-94FA-459F-A3C7-A2F2F40BD76D}
	EndGlobalSection
EndGlobal
